
Microsoft Visual Studio Solution File, Format Version 12.00
# Visual Studio Version 17
VisualStudioVersion = 17.0.32014.148
MinimumVisualStudioVersion = 10.0.40219.1
Project("{9A19103F-16F7-4668-BE54-9A1E7A4F7556}") = "Platform.Events.Core", "Platform.Events.Core\Platform.Events.Core.csproj", "{99E809C4-A74C-490F-9C49-CFACE2DB7EC8}"
EndProject
Project("{2150E333-8FDC-42A3-9474-1A3956D46DE8}") = "Solution Items", "Solution Items", "{E2FF054C-84D5-4B63-A99D-5437E276CFE1}"
	ProjectSection(SolutionItems) = preProject
		.editorconfig = .editorconfig
	EndProjectSection
EndProject
Global
	GlobalSection(SolutionConfigurationPlatforms) = preSolution
		Debug|Any CPU = Debug|Any CPU
		Release|Any CPU = Release|Any CPU
	EndGlobalSection
	GlobalSection(ProjectConfigurationPlatforms) = postSolution
		{99E809C4-A74C-490F-9C49-CFACE2DB7EC8}.Debug|Any CPU.ActiveCfg = Debug|Any CPU
		{99E809C4-A74C-490F-9C49-CFACE2DB7EC8}.Debug|Any CPU.Build.0 = Debug|Any CPU
		{99E809C4-A74C-490F-9C49-CFACE2DB7EC8}.Release|Any CPU.ActiveCfg = Release|Any CPU
		{99E809C4-A74C-490F-9C49-CFACE2DB7EC8}.Release|Any CPU.Build.0 = Release|Any CPU
	EndGlobalSection
	GlobalSection(SolutionProperties) = preSolution
		HideSolutionNode = FALSE
	EndGlobalSection
	GlobalSection(ExtensibilityGlobals) = postSolution
		SolutionGuid = {1E51DBDC-147C-4F96-A621-3824FF42DBA1}
	EndGlobalSection
EndGlobal
