
Microsoft Visual Studio Solution File, Format Version 12.00
# Visual Studio Version 17
VisualStudioVersion = 17.0.32014.148
MinimumVisualStudioVersion = 10.0.40219.1
Project("{2150E333-8FDC-42A3-9474-1A3956D46DE8}") = "Solution Items", "Solution Items", "{82FE671C-2CDF-4020-91F4-83584CBAD299}"
	ProjectSection(SolutionItems) = preProject
		.editorconfig = .editorconfig
	EndProjectSection
EndProject
Project("{9A19103F-16F7-4668-BE54-9A1E7A4F7556}") = "User.Api", "src\User.Api\User.Api.csproj", "{94734D9E-C585-4587-9918-58D66ED4EB6D}"
EndProject
Global
	GlobalSection(SolutionConfigurationPlatforms) = preSolution
		Debug|Any CPU = Debug|Any CPU
		Release|Any CPU = Release|Any CPU
	EndGlobalSection
	GlobalSection(ProjectConfigurationPlatforms) = postSolution
		{94734D9E-C585-4587-9918-58D66ED4EB6D}.Debug|Any CPU.ActiveCfg = Debug|Any CPU
		{94734D9E-C585-4587-9918-58D66ED4EB6D}.Debug|Any CPU.Build.0 = Debug|Any CPU
		{94734D9E-C585-4587-9918-58D66ED4EB6D}.Release|Any CPU.ActiveCfg = Release|Any CPU
		{94734D9E-C585-4587-9918-58D66ED4EB6D}.Release|Any CPU.Build.0 = Release|Any CPU
	EndGlobalSection
	GlobalSection(SolutionProperties) = preSolution
		HideSolutionNode = FALSE
	EndGlobalSection
	GlobalSection(ExtensibilityGlobals) = postSolution
		SolutionGuid = {884A4021-675F-42B1-A1A9-91905DF018FC}
	EndGlobalSection
EndGlobal
